
Microsoft Visual Studio Solution File, Format Version 12.00
# Visual Studio Version 16
VisualStudioVersion = 16.0.30717.126
MinimumVisualStudioVersion = 10.0.40219.1
Project("{2150E333-8FDC-42A3-9474-1A3956D46DE8}") = "Services", "Services", "{8A4DB24B-43FE-487D-BDDB-185CF03F5E9C}"
EndProject
Project("{2150E333-8FDC-42A3-9474-1A3956D46DE8}") = "WebApps", "WebApps", "{9AE4F4C6-8B6E-4A6A-B52E-53C9DB3F0396}"
EndProject
Project("{2150E333-8FDC-42A3-9474-1A3956D46DE8}") = "Cadastros", "Cadastros", "{FDCDC737-2FA2-4D66-83E2-4335D68E2E59}"
EndProject
Project("{2150E333-8FDC-42A3-9474-1A3956D46DE8}") = "Catalogo", "Catalogo", "{BA5743B4-8BB2-44AB-B71A-51911526BE48}"
EndProject
Project("{2150E333-8FDC-42A3-9474-1A3956D46DE8}") = "Core", "Core", "{FC9D4F3D-B1D8-417B-844F-5FAA91508130}"
EndProject
Project("{2150E333-8FDC-42A3-9474-1A3956D46DE8}") = "Fiscal", "Fiscal", "{8E06DC80-4CA0-485D-80AC-CFE4E39279B9}"
EndProject
Project("{2150E333-8FDC-42A3-9474-1A3956D46DE8}") = "Pagamentos", "Pagamentos", "{6055D5C9-AD50-4E3E-BF01-25EDAA2DC5A3}"
EndProject
Project("{2150E333-8FDC-42A3-9474-1A3956D46DE8}") = "Vendas", "Vendas", "{A5C3CB7E-C10C-4ACB-B006-ACE463E4077D}"
EndProject
Project("{9A19103F-16F7-4668-BE54-9A1E7A4F7556}") = "NerdStore.Catalogo.Domain", "Src\NerdStore.Catalogo.Domain\NerdStore.Catalogo.Domain.csproj", "{E3126D87-9AC5-4187-9F2C-EA58216B379D}"
EndProject
Project("{9A19103F-16F7-4668-BE54-9A1E7A4F7556}") = "NerdStore.Core", "Src\NerdStore.Core\NerdStore.Core.csproj", "{47292BA5-592F-460D-8936-DCDA0077390F}"
EndProject
Project("{2150E333-8FDC-42A3-9474-1A3956D46DE8}") = "Tests", "Tests", "{7A8BD870-3029-46B9-BCDA-F070983CDDD1}"
EndProject
Project("{9A19103F-16F7-4668-BE54-9A1E7A4F7556}") = "NerdStore.Catalogo.Domain.Tests", "Tests\NerdStore.Catalogo.Domain.Tests\NerdStore.Catalogo.Domain.Tests.csproj", "{10434276-ABA5-49D2-8A1C-6E51B80660EF}"
EndProject
Project("{9A19103F-16F7-4668-BE54-9A1E7A4F7556}") = "NerdStore.Catalogo.Data", "Src\NerdStore.Catalogo.Data\NerdStore.Catalogo.Data.csproj", "{ED5CC9F0-7244-49D6-90B1-A56872ED35A7}"
EndProject
Project("{9A19103F-16F7-4668-BE54-9A1E7A4F7556}") = "NerdStore.Catalogo.Application", "Src\NerdStore.Catalogo.Application\NerdStore.Catalogo.Application.csproj", "{BC9CF73E-6E96-474D-92AD-598B05B7699C}"
EndProject
Project("{FAE04EC0-301F-11D3-BF4B-00C04F79EFBC}") = "NerdStore.WebApp.Mvc", "Src\NerdStore.WebApp.Mvc\NerdStore.WebApp.Mvc.csproj", "{1F257DAA-97B0-4008-A514-77F181E8D682}"
EndProject
Global
	GlobalSection(SolutionConfigurationPlatforms) = preSolution
		Debug|Any CPU = Debug|Any CPU
		Release|Any CPU = Release|Any CPU
	EndGlobalSection
	GlobalSection(ProjectConfigurationPlatforms) = postSolution
		{E3126D87-9AC5-4187-9F2C-EA58216B379D}.Debug|Any CPU.ActiveCfg = Debug|Any CPU
		{E3126D87-9AC5-4187-9F2C-EA58216B379D}.Debug|Any CPU.Build.0 = Debug|Any CPU
		{E3126D87-9AC5-4187-9F2C-EA58216B379D}.Release|Any CPU.ActiveCfg = Release|Any CPU
		{E3126D87-9AC5-4187-9F2C-EA58216B379D}.Release|Any CPU.Build.0 = Release|Any CPU
		{47292BA5-592F-460D-8936-DCDA0077390F}.Debug|Any CPU.ActiveCfg = Debug|Any CPU
		{47292BA5-592F-460D-8936-DCDA0077390F}.Debug|Any CPU.Build.0 = Debug|Any CPU
		{47292BA5-592F-460D-8936-DCDA0077390F}.Release|Any CPU.ActiveCfg = Release|Any CPU
		{47292BA5-592F-460D-8936-DCDA0077390F}.Release|Any CPU.Build.0 = Release|Any CPU
		{10434276-ABA5-49D2-8A1C-6E51B80660EF}.Debug|Any CPU.ActiveCfg = Debug|Any CPU
		{10434276-ABA5-49D2-8A1C-6E51B80660EF}.Debug|Any CPU.Build.0 = Debug|Any CPU
		{10434276-ABA5-49D2-8A1C-6E51B80660EF}.Release|Any CPU.ActiveCfg = Release|Any CPU
		{10434276-ABA5-49D2-8A1C-6E51B80660EF}.Release|Any CPU.Build.0 = Release|Any CPU
		{ED5CC9F0-7244-49D6-90B1-A56872ED35A7}.Debug|Any CPU.ActiveCfg = Debug|Any CPU
		{ED5CC9F0-7244-49D6-90B1-A56872ED35A7}.Debug|Any CPU.Build.0 = Debug|Any CPU
		{ED5CC9F0-7244-49D6-90B1-A56872ED35A7}.Release|Any CPU.ActiveCfg = Release|Any CPU
		{ED5CC9F0-7244-49D6-90B1-A56872ED35A7}.Release|Any CPU.Build.0 = Release|Any CPU
		{BC9CF73E-6E96-474D-92AD-598B05B7699C}.Debug|Any CPU.ActiveCfg = Debug|Any CPU
		{BC9CF73E-6E96-474D-92AD-598B05B7699C}.Debug|Any CPU.Build.0 = Debug|Any CPU
		{BC9CF73E-6E96-474D-92AD-598B05B7699C}.Release|Any CPU.ActiveCfg = Release|Any CPU
		{BC9CF73E-6E96-474D-92AD-598B05B7699C}.Release|Any CPU.Build.0 = Release|Any CPU
		{1F257DAA-97B0-4008-A514-77F181E8D682}.Debug|Any CPU.ActiveCfg = Debug|Any CPU
		{1F257DAA-97B0-4008-A514-77F181E8D682}.Debug|Any CPU.Build.0 = Debug|Any CPU
		{1F257DAA-97B0-4008-A514-77F181E8D682}.Release|Any CPU.ActiveCfg = Release|Any CPU
		{1F257DAA-97B0-4008-A514-77F181E8D682}.Release|Any CPU.Build.0 = Release|Any CPU
	EndGlobalSection
	GlobalSection(SolutionProperties) = preSolution
		HideSolutionNode = FALSE
	EndGlobalSection
	GlobalSection(NestedProjects) = preSolution
		{FDCDC737-2FA2-4D66-83E2-4335D68E2E59} = {8A4DB24B-43FE-487D-BDDB-185CF03F5E9C}
		{BA5743B4-8BB2-44AB-B71A-51911526BE48} = {8A4DB24B-43FE-487D-BDDB-185CF03F5E9C}
		{FC9D4F3D-B1D8-417B-844F-5FAA91508130} = {8A4DB24B-43FE-487D-BDDB-185CF03F5E9C}
		{8E06DC80-4CA0-485D-80AC-CFE4E39279B9} = {8A4DB24B-43FE-487D-BDDB-185CF03F5E9C}
		{6055D5C9-AD50-4E3E-BF01-25EDAA2DC5A3} = {8A4DB24B-43FE-487D-BDDB-185CF03F5E9C}
		{A5C3CB7E-C10C-4ACB-B006-ACE463E4077D} = {8A4DB24B-43FE-487D-BDDB-185CF03F5E9C}
		{E3126D87-9AC5-4187-9F2C-EA58216B379D} = {BA5743B4-8BB2-44AB-B71A-51911526BE48}
		{47292BA5-592F-460D-8936-DCDA0077390F} = {FC9D4F3D-B1D8-417B-844F-5FAA91508130}
		{7A8BD870-3029-46B9-BCDA-F070983CDDD1} = {BA5743B4-8BB2-44AB-B71A-51911526BE48}
		{10434276-ABA5-49D2-8A1C-6E51B80660EF} = {7A8BD870-3029-46B9-BCDA-F070983CDDD1}
		{ED5CC9F0-7244-49D6-90B1-A56872ED35A7} = {BA5743B4-8BB2-44AB-B71A-51911526BE48}
		{BC9CF73E-6E96-474D-92AD-598B05B7699C} = {BA5743B4-8BB2-44AB-B71A-51911526BE48}
		{1F257DAA-97B0-4008-A514-77F181E8D682} = {9AE4F4C6-8B6E-4A6A-B52E-53C9DB3F0396}
	EndGlobalSection
	GlobalSection(ExtensibilityGlobals) = postSolution
		SolutionGuid = {1EC25B65-AA13-4B7B-AEDE-1FB1A2E7F2EE}
	EndGlobalSection
EndGlobal
